
Microsoft Visual Studio Solution File, Format Version 12.00
# Visual Studio 2012
Project("{8BC9CEB8-8B4A-11D0-8D11-00A0C91BC942}") = "GetFunAddress", "GetFunAddress.vcxproj", "{CA7B63D7-E100-4953-ADC3-5D763C4DCA2F}"
EndProject
Global
	GlobalSection(SolutionConfigurationPlatforms) = preSolution
		Debug|Win32 = Debug|Win32
		Release|Win32 = Release|Win32
	EndGlobalSection
	GlobalSection(ProjectConfigurationPlatforms) = postSolution
		{CA7B63D7-E100-4953-ADC3-5D763C4DCA2F}.Debug|Win32.ActiveCfg = Debug|Win32
		{CA7B63D7-E100-4953-ADC3-5D763C4DCA2F}.Debug|Win32.Build.0 = Debug|Win32
		{CA7B63D7-E100-4953-ADC3-5D763C4DCA2F}.Release|Win32.ActiveCfg = Release|Win32
		{CA7B63D7-E100-4953-ADC3-5D763C4DCA2F}.Release|Win32.Build.0 = Release|Win32
	EndGlobalSection
	GlobalSection(SolutionProperties) = preSolution
		HideSolutionNode = FALSE
	EndGlobalSection
EndGlobal
